
Microsoft Visual Studio Solution File, Format Version 12.00
# Visual Studio 2013
VisualStudioVersion = 12.0.40629.0
MinimumVisualStudioVersion = 10.0.40219.1
Project("{FAE04EC0-301F-11D3-BF4B-00C04F79EFBC}") = "Hex2Bin", "Hex2Bin\Hex2Bin.csproj", "{A0B4148C-EABB-4D5C-895E-12B89E4EDCEE}"
EndProject
Global
	GlobalSection(SolutionConfigurationPlatforms) = preSolution
		Debug|Any CPU = Debug|Any CPU
		Release|Any CPU = Release|Any CPU
	EndGlobalSection
	GlobalSection(ProjectConfigurationPlatforms) = postSolution
		{A0B4148C-EABB-4D5C-895E-12B89E4EDCEE}.Debug|Any CPU.ActiveCfg = Debug|Any CPU
		{A0B4148C-EABB-4D5C-895E-12B89E4EDCEE}.Debug|Any CPU.Build.0 = Debug|Any CPU
		{A0B4148C-EABB-4D5C-895E-12B89E4EDCEE}.Release|Any CPU.ActiveCfg = Release|Any CPU
		{A0B4148C-EABB-4D5C-895E-12B89E4EDCEE}.Release|Any CPU.Build.0 = Release|Any CPU
	EndGlobalSection
	GlobalSection(SolutionProperties) = preSolution
		HideSolutionNode = FALSE
	EndGlobalSection
EndGlobal
